// !$*UTF8*$!
{
	archiveVersion = 1;
	classes = {
	};
	objectVersion = 50;
	objects = {

/* Begin PBXBuildFile section */
		ECDCDDF625EC390A006B30B2 /* AppDelegate.swift in Sources */ = {isa = PBXBuildFile; fileRef = ECDCDDF525EC390A006B30B2 /* AppDelegate.swift */; };
		ECDCDDF825EC390A006B30B2 /* SceneDelegate.swift in Sources */ = {isa = PBXBuildFile; fileRef = ECDCDDF725EC390A006B30B2 /* SceneDelegate.swift */; };
		ECDCDDFA25EC390A006B30B2 /* ViewController.swift in Sources */ = {isa = PBXBuildFile; fileRef = ECDCDDF925EC390A006B30B2 /* ViewController.swift */; };
		ECDCDDFD25EC390A006B30B2 /* Main.storyboard in Resources */ = {isa = PBXBuildFile; fileRef = ECDCDDFB25EC390A006B30B2 /* Main.storyboard */; };
		ECDCDE0025EC390A006B30B2 /* GymPS.xcdatamodeld in Sources */ = {isa = PBXBuildFile; fileRef = ECDCDDFE25EC390A006B30B2 /* GymPS.xcdatamodeld */; };
		ECDCDE0225EC390C006B30B2 /* Assets.xcassets in Resources */ = {isa = PBXBuildFile; fileRef = ECDCDE0125EC390C006B30B2 /* Assets.xcassets */; };
		ECDCDE0525EC390C006B30B2 /* LaunchScreen.storyboard in Resources */ = {isa = PBXBuildFile; fileRef = ECDCDE0325EC390C006B30B2 /* LaunchScreen.storyboard */; };
		ECDCDE1025EC390D006B30B2 /* GymPSTests.swift in Sources */ = {isa = PBXBuildFile; fileRef = ECDCDE0F25EC390D006B30B2 /* GymPSTests.swift */; };
		ECDCDE1B25EC390D006B30B2 /* GymPSUITests.swift in Sources */ = {isa = PBXBuildFile; fileRef = ECDCDE1A25EC390D006B30B2 /* GymPSUITests.swift */; };
/* End PBXBuildFile section */

/* Begin PBXContainerItemProxy section */
		ECDCDE0C25EC390D006B30B2 /* PBXContainerItemProxy */ = {
			isa = PBXContainerItemProxy;
			containerPortal = ECDCDDEA25EC390A006B30B2 /* Project object */;
			proxyType = 1;
			remoteGlobalIDString = ECDCDDF125EC390A006B30B2;
			remoteInfo = GymPS;
		};
		ECDCDE1725EC390D006B30B2 /* PBXContainerItemProxy */ = {
			isa = PBXContainerItemProxy;
			containerPortal = ECDCDDEA25EC390A006B30B2 /* Project object */;
			proxyType = 1;
			remoteGlobalIDString = ECDCDDF125EC390A006B30B2;
			remoteInfo = GymPS;
		};
/* End PBXContainerItemProxy section */

/* Begin PBXFileReference section */
		ECDCDDF225EC390A006B30B2 /* GymPS.app */ = {isa = PBXFileReference; explicitFileType = wrapper.application; includeInIndex = 0; path = GymPS.app; sourceTree = BUILT_PRODUCTS_DIR; };
		ECDCDDF525EC390A006B30B2 /* AppDelegate.swift */ = {isa = PBXFileReference; lastKnownFileType = sourcecode.swift; path = AppDelegate.swift; sourceTree = "<group>"; };
		ECDCDDF725EC390A006B30B2 /* SceneDelegate.swift */ = {isa = PBXFileReference; lastKnownFileType = sourcecode.swift; path = SceneDelegate.swift; sourceTree = "<group>"; };
		ECDCDDF925EC390A006B30B2 /* ViewController.swift */ = {isa = PBXFileReference; lastKnownFileType = sourcecode.swift; path = ViewController.swift; sourceTree = "<group>"; };
		ECDCDDFC25EC390A006B30B2 /* Base */ = {isa = PBXFileReference; lastKnownFileType = file.storyboard; name = Base; path = Base.lproj/Main.storyboard; sourceTree = "<group>"; };
		ECDCDDFF25EC390A006B30B2 /* GymPS.xcdatamodel */ = {isa = PBXFileReference; lastKnownFileType = wrapper.xcdatamodel; path = GymPS.xcdatamodel; sourceTree = "<group>"; };
		ECDCDE0125EC390C006B30B2 /* Assets.xcassets */ = {isa = PBXFileReference; lastKnownFileType = folder.assetcatalog; path = Assets.xcassets; sourceTree = "<group>"; };
		ECDCDE0425EC390C006B30B2 /* Base */ = {isa = PBXFileReference; lastKnownFileType = file.storyboard; name = Base; path = Base.lproj/LaunchScreen.storyboard; sourceTree = "<group>"; };
		ECDCDE0625EC390C006B30B2 /* Info.plist */ = {isa = PBXFileReference; lastKnownFileType = text.plist.xml; path = Info.plist; sourceTree = "<group>"; };
		ECDCDE0B25EC390C006B30B2 /* GymPSTests.xctest */ = {isa = PBXFileReference; explicitFileType = wrapper.cfbundle; includeInIndex = 0; path = GymPSTests.xctest; sourceTree = BUILT_PRODUCTS_DIR; };
		ECDCDE0F25EC390D006B30B2 /* GymPSTests.swift */ = {isa = PBXFileReference; lastKnownFileType = sourcecode.swift; path = GymPSTests.swift; sourceTree = "<group>"; };
		ECDCDE1125EC390D006B30B2 /* Info.plist */ = {isa = PBXFileReference; lastKnownFileType = text.plist.xml; path = Info.plist; sourceTree = "<group>"; };
		ECDCDE1625EC390D006B30B2 /* GymPSUITests.xctest */ = {isa = PBXFileReference; explicitFileType = wrapper.cfbundle; includeInIndex = 0; path = GymPSUITests.xctest; sourceTree = BUILT_PRODUCTS_DIR; };
		ECDCDE1A25EC390D006B30B2 /* GymPSUITests.swift */ = {isa = PBXFileReference; lastKnownFileType = sourcecode.swift; path = GymPSUITests.swift; sourceTree = "<group>"; };
		ECDCDE1C25EC390D006B30B2 /* Info.plist */ = {isa = PBXFileReference; lastKnownFileType = text.plist.xml; path = Info.plist; sourceTree = "<group>"; };
/* End PBXFileReference section */

/* Begin PBXFrameworksBuildPhase section */
		ECDCDDEF25EC390A006B30B2 /* Frameworks */ = {
			isa = PBXFrameworksBuildPhase;
			buildActionMask = 2147483647;
			files = (
			);
			runOnlyForDeploymentPostprocessing = 0;
		};
		ECDCDE0825EC390C006B30B2 /* Frameworks */ = {
			isa = PBXFrameworksBuildPhase;
			buildActionMask = 2147483647;
			files = (
			);
			runOnlyForDeploymentPostprocessing = 0;
		};
		ECDCDE1325EC390D006B30B2 /* Frameworks */ = {
			isa = PBXFrameworksBuildPhase;
			buildActionMask = 2147483647;
			files = (
			);
			runOnlyForDeploymentPostprocessing = 0;
		};
/* End PBXFrameworksBuildPhase section */

/* Begin PBXGroup section */
		ECDCDDE925EC390A006B30B2 = {
			isa = PBXGroup;
			children = (
				ECDCDDF425EC390A006B30B2 /* GymPS */,
				ECDCDE0E25EC390D006B30B2 /* GymPSTests */,
				ECDCDE1925EC390D006B30B2 /* GymPSUITests */,
				ECDCDDF325EC390A006B30B2 /* Products */,
			);
			sourceTree = "<group>";
		};
		ECDCDDF325EC390A006B30B2 /* Products */ = {
			isa = PBXGroup;
			children = (
				ECDCDDF225EC390A006B30B2 /* GymPS.app */,
				ECDCDE0B25EC390C006B30B2 /* GymPSTests.xctest */,
				ECDCDE1625EC390D006B30B2 /* GymPSUITests.xctest */,
			);
			name = Products;
			sourceTree = "<group>";
		};
		ECDCDDF425EC390A006B30B2 /* GymPS */ = {
			isa = PBXGroup;
			children = (
				ECDCDDF525EC390A006B30B2 /* AppDelegate.swift */,
				ECDCDDF725EC390A006B30B2 /* SceneDelegate.swift */,
				ECDCDDF925EC390A006B30B2 /* ViewController.swift */,
				ECDCDDFB25EC390A006B30B2 /* Main.storyboard */,
				ECDCDE0125EC390C006B30B2 /* Assets.xcassets */,
				ECDCDE0325EC390C006B30B2 /* LaunchScreen.storyboard */,
				ECDCDE0625EC390C006B30B2 /* Info.plist */,
				ECDCDDFE25EC390A006B30B2 /* GymPS.xcdatamodeld */,
			);
			path = GymPS;
			sourceTree = "<group>";
		};
		ECDCDE0E25EC390D006B30B2 /* GymPSTests */ = {
			isa = PBXGroup;
			children = (
				ECDCDE0F25EC390D006B30B2 /* GymPSTests.swift */,
				ECDCDE1125EC390D006B30B2 /* Info.plist */,
			);
			path = GymPSTests;
			sourceTree = "<group>";
		};
		ECDCDE1925EC390D006B30B2 /* GymPSUITests */ = {
			isa = PBXGroup;
			children = (
				ECDCDE1A25EC390D006B30B2 /* GymPSUITests.swift */,
				ECDCDE1C25EC390D006B30B2 /* Info.plist */,
			);
			path = GymPSUITests;
			sourceTree = "<group>";
		};
/* End PBXGroup section */

/* Begin PBXNativeTarget section */
		ECDCDDF125EC390A006B30B2 /* GymPS */ = {
			isa = PBXNativeTarget;
			buildConfigurationList = ECDCDE1F25EC390D006B30B2 /* Build configuration list for PBXNativeTarget "GymPS" */;
			buildPhases = (
				ECDCDDEE25EC390A006B30B2 /* Sources */,
				ECDCDDEF25EC390A006B30B2 /* Frameworks */,
				ECDCDDF025EC390A006B30B2 /* Resources */,
			);
			buildRules = (
			);
			dependencies = (
			);
			name = GymPS;
			productName = GymPS;
			productReference = ECDCDDF225EC390A006B30B2 /* GymPS.app */;
			productType = "com.apple.product-type.application";
		};
		ECDCDE0A25EC390C006B30B2 /* GymPSTests */ = {
			isa = PBXNativeTarget;
			buildConfigurationList = ECDCDE2225EC390D006B30B2 /* Build configuration list for PBXNativeTarget "GymPSTests" */;
			buildPhases = (
				ECDCDE0725EC390C006B30B2 /* Sources */,
				ECDCDE0825EC390C006B30B2 /* Frameworks */,
				ECDCDE0925EC390C006B30B2 /* Resources */,
			);
			buildRules = (
			);
			dependencies = (
				ECDCDE0D25EC390D006B30B2 /* PBXTargetDependency */,
			);
			name = GymPSTests;
			productName = GymPSTests;
			productReference = ECDCDE0B25EC390C006B30B2 /* GymPSTests.xctest */;
			productType = "com.apple.product-type.bundle.unit-test";
		};
		ECDCDE1525EC390D006B30B2 /* GymPSUITests */ = {
			isa = PBXNativeTarget;
			buildConfigurationList = ECDCDE2525EC390D006B30B2 /* Build configuration list for PBXNativeTarget "GymPSUITests" */;
			buildPhases = (
				ECDCDE1225EC390D006B30B2 /* Sources */,
				ECDCDE1325EC390D006B30B2 /* Frameworks */,
				ECDCDE1425EC390D006B30B2 /* Resources */,
			);
			buildRules = (
			);
			dependencies = (
				ECDCDE1825EC390D006B30B2 /* PBXTargetDependency */,
			);
			name = GymPSUITests;
			productName = GymPSUITests;
			productReference = ECDCDE1625EC390D006B30B2 /* GymPSUITests.xctest */;
			productType = "com.apple.product-type.bundle.ui-testing";
		};
/* End PBXNativeTarget section */

/* Begin PBXProject section */
		ECDCDDEA25EC390A006B30B2 /* Project object */ = {
			isa = PBXProject;
			attributes = {
				LastSwiftUpdateCheck = 1240;
				LastUpgradeCheck = 1240;
				TargetAttributes = {
					ECDCDDF125EC390A006B30B2 = {
						CreatedOnToolsVersion = 12.4;
					};
					ECDCDE0A25EC390C006B30B2 = {
						CreatedOnToolsVersion = 12.4;
						TestTargetID = ECDCDDF125EC390A006B30B2;
					};
					ECDCDE1525EC390D006B30B2 = {
						CreatedOnToolsVersion = 12.4;
						TestTargetID = ECDCDDF125EC390A006B30B2;
					};
				};
			};
			buildConfigurationList = ECDCDDED25EC390A006B30B2 /* Build configuration list for PBXProject "GymPS" */;
			compatibilityVersion = "Xcode 9.3";
			developmentRegion = en;
			hasScannedForEncodings = 0;
			knownRegions = (
				en,
				Base,
			);
			mainGroup = ECDCDDE925EC390A006B30B2;
			productRefGroup = ECDCDDF325EC390A006B30B2 /* Products */;
			projectDirPath = "";
			projectRoot = "";
			targets = (
				ECDCDDF125EC390A006B30B2 /* GymPS */,
				ECDCDE0A25EC390C006B30B2 /* GymPSTests */,
				ECDCDE1525EC390D006B30B2 /* GymPSUITests */,
			);
		};
/* End PBXProject section */

/* Begin PBXResourcesBuildPhase section */
		ECDCDDF025EC390A006B30B2 /* Resources */ = {
			isa = PBXResourcesBuildPhase;
			buildActionMask = 2147483647;
			files = (
				ECDCDE0525EC390C006B30B2 /* LaunchScreen.storyboard in Resources */,
				ECDCDE0225EC390C006B30B2 /* Assets.xcassets in Resources */,
				ECDCDDFD25EC390A006B30B2 /* Main.storyboard in Resources */,
			);
			runOnlyForDeploymentPostprocessing = 0;
		};
		ECDCDE0925EC390C006B30B2 /* Resources */ = {
			isa = PBXResourcesBuildPhase;
			buildActionMask = 2147483647;
			files = (
			);
			runOnlyForDeploymentPostprocessing = 0;
		};
		ECDCDE1425EC390D006B30B2 /* Resources */ = {
			isa = PBXResourcesBuildPhase;
			buildActionMask = 2147483647;
			files = (
			);
			runOnlyForDeploymentPostprocessing = 0;
		};
/* End PBXResourcesBuildPhase section */

/* Begin PBXSourcesBuildPhase section */
		ECDCDDEE25EC390A006B30B2 /* Sources */ = {
			isa = PBXSourcesBuildPhase;
			buildActionMask = 2147483647;
			files = (
				ECDCDDFA25EC390A006B30B2 /* ViewController.swift in Sources */,
				ECDCDDF625EC390A006B30B2 /* AppDelegate.swift in Sources */,
				ECDCDE0025EC390A006B30B2 /* GymPS.xcdatamodeld in Sources */,
				ECDCDDF825EC390A006B30B2 /* SceneDelegate.swift in Sources */,
			);
			runOnlyForDeploymentPostprocessing = 0;
		};
		ECDCDE0725EC390C006B30B2 /* Sources */ = {
			isa = PBXSourcesBuildPhase;
			buildActionMask = 2147483647;
			files = (
				ECDCDE1025EC390D006B30B2 /* GymPSTests.swift in Sources */,
			);
			runOnlyForDeploymentPostprocessing = 0;
		};
		ECDCDE1225EC390D006B30B2 /* Sources */ = {
			isa = PBXSourcesBuildPhase;
			buildActionMask = 2147483647;
			files = (
				ECDCDE1B25EC390D006B30B2 /* GymPSUITests.swift in Sources */,
			);
			runOnlyForDeploymentPostprocessing = 0;
		};
/* End PBXSourcesBuildPhase section */

/* Begin PBXTargetDependency section */
		ECDCDE0D25EC390D006B30B2 /* PBXTargetDependency */ = {
			isa = PBXTargetDependency;
			target = ECDCDDF125EC390A006B30B2 /* GymPS */;
			targetProxy = ECDCDE0C25EC390D006B30B2 /* PBXContainerItemProxy */;
		};
		ECDCDE1825EC390D006B30B2 /* PBXTargetDependency */ = {
			isa = PBXTargetDependency;
			target = ECDCDDF125EC390A006B30B2 /* GymPS */;
			targetProxy = ECDCDE1725EC390D006B30B2 /* PBXContainerItemProxy */;
		};
/* End PBXTargetDependency section */

/* Begin PBXVariantGroup section */
		ECDCDDFB25EC390A006B30B2 /* Main.storyboard */ = {
			isa = PBXVariantGroup;
			children = (
				ECDCDDFC25EC390A006B30B2 /* Base */,
			);
			name = Main.storyboard;
			sourceTree = "<group>";
		};
		ECDCDE0325EC390C006B30B2 /* LaunchScreen.storyboard */ = {
			isa = PBXVariantGroup;
			children = (
				ECDCDE0425EC390C006B30B2 /* Base */,
			);
			name = LaunchScreen.storyboard;
			sourceTree = "<group>";
		};
/* End PBXVariantGroup section */

/* Begin XCBuildConfiguration section */
		ECDCDE1D25EC390D006B30B2 /* Debug */ = {
			isa = XCBuildConfiguration;
			buildSettings = {
				ALWAYS_SEARCH_USER_PATHS = NO;
				CLANG_ANALYZER_NONNULL = YES;
				CLANG_ANALYZER_NUMBER_OBJECT_CONVERSION = YES_AGGRESSIVE;
				CLANG_CXX_LANGUAGE_STANDARD = "gnu++14";
				CLANG_CXX_LIBRARY = "libc++";
				CLANG_ENABLE_MODULES = YES;
				CLANG_ENABLE_OBJC_ARC = YES;
				CLANG_ENABLE_OBJC_WEAK = YES;
				CLANG_WARN_BLOCK_CAPTURE_AUTORELEASING = YES;
				CLANG_WARN_BOOL_CONVERSION = YES;
				CLANG_WARN_COMMA = YES;
				CLANG_WARN_CONSTANT_CONVERSION = YES;
				CLANG_WARN_DEPRECATED_OBJC_IMPLEMENTATIONS = YES;
				CLANG_WARN_DIRECT_OBJC_ISA_USAGE = YES_ERROR;
				CLANG_WARN_DOCUMENTATION_COMMENTS = YES;
				CLANG_WARN_EMPTY_BODY = YES;
				CLANG_WARN_ENUM_CONVERSION = YES;
				CLANG_WARN_INFINITE_RECURSION = YES;
				CLANG_WARN_INT_CONVERSION = YES;
				CLANG_WARN_NON_LITERAL_NULL_CONVERSION = YES;
				CLANG_WARN_OBJC_IMPLICIT_RETAIN_SELF = YES;
				CLANG_WARN_OBJC_LITERAL_CONVERSION = YES;
				CLANG_WARN_OBJC_ROOT_CLASS = YES_ERROR;
				CLANG_WARN_QUOTED_INCLUDE_IN_FRAMEWORK_HEADER = YES;
				CLANG_WARN_RANGE_LOOP_ANALYSIS = YES;
				CLANG_WARN_STRICT_PROTOTYPES = YES;
				CLANG_WARN_SUSPICIOUS_MOVE = YES;
				CLANG_WARN_UNGUARDED_AVAILABILITY = YES_AGGRESSIVE;
				CLANG_WARN_UNREACHABLE_CODE = YES;
				CLANG_WARN__DUPLICATE_METHOD_MATCH = YES;
				COPY_PHASE_STRIP = NO;
				DEBUG_INFORMATION_FORMAT = dwarf;
				ENABLE_STRICT_OBJC_MSGSEND = YES;
				ENABLE_TESTABILITY = YES;
				GCC_C_LANGUAGE_STANDARD = gnu11;
				GCC_DYNAMIC_NO_PIC = NO;
				GCC_NO_COMMON_BLOCKS = YES;
				GCC_OPTIMIZATION_LEVEL = 0;
				GCC_PREPROCESSOR_DEFINITIONS = (
					"DEBUG=1",
					"$(inherited)",
				);
				GCC_WARN_64_TO_32_BIT_CONVERSION = YES;
				GCC_WARN_ABOUT_RETURN_TYPE = YES_ERROR;
				GCC_WARN_UNDECLARED_SELECTOR = YES;
				GCC_WARN_UNINITIALIZED_AUTOS = YES_AGGRESSIVE;
				GCC_WARN_UNUSED_FUNCTION = YES;
				GCC_WARN_UNUSED_VARIABLE = YES;
				IPHONEOS_DEPLOYMENT_TARGET = 14.4;
				MTL_ENABLE_DEBUG_INFO = INCLUDE_SOURCE;
				MTL_FAST_MATH = YES;
				ONLY_ACTIVE_ARCH = YES;
				SDKROOT = iphoneos;
				SWIFT_ACTIVE_COMPILATION_CONDITIONS = DEBUG;
				SWIFT_OPTIMIZATION_LEVEL = "-Onone";
			};
			name = Debug;
		};
		ECDCDE1E25EC390D006B30B2 /* Release */ = {
			isa = XCBuildConfiguration;
			buildSettings = {
				ALWAYS_SEARCH_USER_PATHS = NO;
				CLANG_ANALYZER_NONNULL = YES;
				CLANG_ANALYZER_NUMBER_OBJECT_CONVERSION = YES_AGGRESSIVE;
				CLANG_CXX_LANGUAGE_STANDARD = "gnu++14";
				CLANG_CXX_LIBRARY = "libc++";
				CLANG_ENABLE_MODULES = YES;
				CLANG_ENABLE_OBJC_ARC = YES;
				CLANG_ENABLE_OBJC_WEAK = YES;
				CLANG_WARN_BLOCK_CAPTURE_AUTORELEASING = YES;
				CLANG_WARN_BOOL_CONVERSION = YES;
				CLANG_WARN_COMMA = YES;
				CLANG_WARN_CONSTANT_CONVERSION = YES;
				CLANG_WARN_DEPRECATED_OBJC_IMPLEMENTATIONS = YES;
				CLANG_WARN_DIRECT_OBJC_ISA_USAGE = YES_ERROR;
				CLANG_WARN_DOCUMENTATION_COMMENTS = YES;
				CLANG_WARN_EMPTY_BODY = YES;
				CLANG_WARN_ENUM_CONVERSION = YES;
				CLANG_WARN_INFINITE_RECURSION = YES;
				CLANG_WARN_INT_CONVERSION = YES;
				CLANG_WARN_NON_LITERAL_NULL_CONVERSION = YES;
				CLANG_WARN_OBJC_IMPLICIT_RETAIN_SELF = YES;
				CLANG_WARN_OBJC_LITERAL_CONVERSION = YES;
				CLANG_WARN_OBJC_ROOT_CLASS = YES_ERROR;
				CLANG_WARN_QUOTED_INCLUDE_IN_FRAMEWORK_HEADER = YES;
				CLANG_WARN_RANGE_LOOP_ANALYSIS = YES;
				CLANG_WARN_STRICT_PROTOTYPES = YES;
				CLANG_WARN_SUSPICIOUS_MOVE = YES;
				CLANG_WARN_UNGUARDED_AVAILABILITY = YES_AGGRESSIVE;
				CLANG_WARN_UNREACHABLE_CODE = YES;
				CLANG_WARN__DUPLICATE_METHOD_MATCH = YES;
				COPY_PHASE_STRIP = NO;
				DEBUG_INFORMATION_FORMAT = "dwarf-with-dsym";
				ENABLE_NS_ASSERTIONS = NO;
				ENABLE_STRICT_OBJC_MSGSEND = YES;
				GCC_C_LANGUAGE_STANDARD = gnu11;
				GCC_NO_COMMON_BLOCKS = YES;
				GCC_WARN_64_TO_32_BIT_CONVERSION = YES;
				GCC_WARN_ABOUT_RETURN_TYPE = YES_ERROR;
				GCC_WARN_UNDECLARED_SELECTOR = YES;
				GCC_WARN_UNINITIALIZED_AUTOS = YES_AGGRESSIVE;
				GCC_WARN_UNUSED_FUNCTION = YES;
				GCC_WARN_UNUSED_VARIABLE = YES;
				IPHONEOS_DEPLOYMENT_TARGET = 14.4;
				MTL_ENABLE_DEBUG_INFO = NO;
				MTL_FAST_MATH = YES;
				SDKROOT = iphoneos;
				SWIFT_COMPILATION_MODE = wholemodule;
				SWIFT_OPTIMIZATION_LEVEL = "-O";
				VALIDATE_PRODUCT = YES;
			};
			name = Release;
		};
		ECDCDE2025EC390D006B30B2 /* Debug */ = {
			isa = XCBuildConfiguration;
			buildSettings = {
				ASSETCATALOG_COMPILER_APPICON_NAME = AppIcon;
				ASSETCATALOG_COMPILER_GLOBAL_ACCENT_COLOR_NAME = AccentColor;
				CODE_SIGN_STYLE = Automatic;
				DEVELOPMENT_TEAM = G833PB6N23;
				INFOPLIST_FILE = GymPS/Info.plist;
				LD_RUNPATH_SEARCH_PATHS = (
					"$(inherited)",
					"@executable_path/Frameworks",
				);
				PRODUCT_BUNDLE_IDENTIFIER = rezagharooni.GymPS;
				PRODUCT_NAME = "$(TARGET_NAME)";
				SWIFT_VERSION = 5.0;
				TARGETED_DEVICE_FAMILY = "1,2";
			};
			name = Debug;
		};
		ECDCDE2125EC390D006B30B2 /* Release */ = {
			isa = XCBuildConfiguration;
			buildSettings = {
				ASSETCATALOG_COMPILER_APPICON_NAME = AppIcon;
				ASSETCATALOG_COMPILER_GLOBAL_ACCENT_COLOR_NAME = AccentColor;
				CODE_SIGN_STYLE = Automatic;
				DEVELOPMENT_TEAM = G833PB6N23;
				INFOPLIST_FILE = GymPS/Info.plist;
				LD_RUNPATH_SEARCH_PATHS = (
					"$(inherited)",
					"@executable_path/Frameworks",
				);
				PRODUCT_BUNDLE_IDENTIFIER = rezagharooni.GymPS;
				PRODUCT_NAME = "$(TARGET_NAME)";
				SWIFT_VERSION = 5.0;
				TARGETED_DEVICE_FAMILY = "1,2";
			};
			name = Release;
		};
		ECDCDE2325EC390D006B30B2 /* Debug */ = {
			isa = XCBuildConfiguration;
			buildSettings = {
				ALWAYS_EMBED_SWIFT_STANDARD_LIBRARIES = YES;
				BUNDLE_LOADER = "$(TEST_HOST)";
				CODE_SIGN_STYLE = Automatic;
				DEVELOPMENT_TEAM = G833PB6N23;
				INFOPLIST_FILE = GymPSTests/Info.plist;
				IPHONEOS_DEPLOYMENT_TARGET = 14.4;
				LD_RUNPATH_SEARCH_PATHS = (
					"$(inherited)",
					"@executable_path/Frameworks",
					"@loader_path/Frameworks",
				);
				PRODUCT_BUNDLE_IDENTIFIER = rezagharooni.GymPSTests;
				PRODUCT_NAME = "$(TARGET_NAME)";
				SWIFT_VERSION = 5.0;
				TARGETED_DEVICE_FAMILY = "1,2";
				TEST_HOST = "$(BUILT_PRODUCTS_DIR)/GymPS.app/GymPS";
			};
			name = Debug;
		};
		ECDCDE2425EC390D006B30B2 /* Release */ = {
			isa = XCBuildConfiguration;
			buildSettings = {
				ALWAYS_EMBED_SWIFT_STANDARD_LIBRARIES = YES;
				BUNDLE_LOADER = "$(TEST_HOST)";
				CODE_SIGN_STYLE = Automatic;
				DEVELOPMENT_TEAM = G833PB6N23;
				INFOPLIST_FILE = GymPSTests/Info.plist;
				IPHONEOS_DEPLOYMENT_TARGET = 14.4;
				LD_RUNPATH_SEARCH_PATHS = (
					"$(inherited)",
					"@executable_path/Frameworks",
					"@loader_path/Frameworks",
				);
				PRODUCT_BUNDLE_IDENTIFIER = rezagharooni.GymPSTests;
				PRODUCT_NAME = "$(TARGET_NAME)";
				SWIFT_VERSION = 5.0;
				TARGETED_DEVICE_FAMILY = "1,2";
				TEST_HOST = "$(BUILT_PRODUCTS_DIR)/GymPS.app/GymPS";
			};
			name = Release;
		};
		ECDCDE2625EC390D006B30B2 /* Debug */ = {
			isa = XCBuildConfiguration;
			buildSettings = {
				ALWAYS_EMBED_SWIFT_STANDARD_LIBRARIES = YES;
				CODE_SIGN_STYLE = Automatic;
				DEVELOPMENT_TEAM = G833PB6N23;
				INFOPLIST_FILE = GymPSUITests/Info.plist;
				LD_RUNPATH_SEARCH_PATHS = (
					"$(inherited)",
					"@executable_path/Frameworks",
					"@loader_path/Frameworks",
				);
				PRODUCT_BUNDLE_IDENTIFIER = rezagharooni.GymPSUITests;
				PRODUCT_NAME = "$(TARGET_NAME)";
				SWIFT_VERSION = 5.0;
				TARGETED_DEVICE_FAMILY = "1,2";
				TEST_TARGET_NAME = GymPS;
			};
			name = Debug;
		};
		ECDCDE2725EC390D006B30B2 /* Release */ = {
			isa = XCBuildConfiguration;
			buildSettings = {
				ALWAYS_EMBED_SWIFT_STANDARD_LIBRARIES = YES;
				CODE_SIGN_STYLE = Automatic;
				DEVELOPMENT_TEAM = G833PB6N23;
				INFOPLIST_FILE = GymPSUITests/Info.plist;
				LD_RUNPATH_SEARCH_PATHS = (
					"$(inherited)",
					"@executable_path/Frameworks",
					"@loader_path/Frameworks",
				);
				PRODUCT_BUNDLE_IDENTIFIER = rezagharooni.GymPSUITests;
				PRODUCT_NAME = "$(TARGET_NAME)";
				SWIFT_VERSION = 5.0;
				TARGETED_DEVICE_FAMILY = "1,2";
				TEST_TARGET_NAME = GymPS;
			};
			name = Release;
		};
/* End XCBuildConfiguration section */

/* Begin XCConfigurationList section */
		ECDCDDED25EC390A006B30B2 /* Build configuration list for PBXProject "GymPS" */ = {
			isa = XCConfigurationList;
			buildConfigurations = (
				ECDCDE1D25EC390D006B30B2 /* Debug */,
				ECDCDE1E25EC390D006B30B2 /* Release */,
			);
			defaultConfigurationIsVisible = 0;
			defaultConfigurationName = Release;
		};
		ECDCDE1F25EC390D006B30B2 /* Build configuration list for PBXNativeTarget "GymPS" */ = {
			isa = XCConfigurationList;
			buildConfigurations = (
				ECDCDE2025EC390D006B30B2 /* Debug */,
				ECDCDE2125EC390D006B30B2 /* Release */,
			);
			defaultConfigurationIsVisible = 0;
			defaultConfigurationName = Release;
		};
		ECDCDE2225EC390D006B30B2 /* Build configuration list for PBXNativeTarget "GymPSTests" */ = {
			isa = XCConfigurationList;
			buildConfigurations = (
				ECDCDE2325EC390D006B30B2 /* Debug */,
				ECDCDE2425EC390D006B30B2 /* Release */,
			);
			defaultConfigurationIsVisible = 0;
			defaultConfigurationName = Release;
		};
		ECDCDE2525EC390D006B30B2 /* Build configuration list for PBXNativeTarget "GymPSUITests" */ = {
			isa = XCConfigurationList;
			buildConfigurations = (
				ECDCDE2625EC390D006B30B2 /* Debug */,
				ECDCDE2725EC390D006B30B2 /* Release */,
			);
			defaultConfigurationIsVisible = 0;
			defaultConfigurationName = Release;
		};
/* End XCConfigurationList section */

/* Begin XCVersionGroup section */
		ECDCDDFE25EC390A006B30B2 /* GymPS.xcdatamodeld */ = {
			isa = XCVersionGroup;
			children = (
				ECDCDDFF25EC390A006B30B2 /* GymPS.xcdatamodel */,
			);
			currentVersion = ECDCDDFF25EC390A006B30B2 /* GymPS.xcdatamodel */;
			path = GymPS.xcdatamodeld;
			sourceTree = "<group>";
			versionGroupType = wrapper.xcdatamodel;
		};
/* End XCVersionGroup section */
	};
	rootObject = ECDCDDEA25EC390A006B30B2 /* Project object */;
}
